
Microsoft Visual Studio Solution File, Format Version 12.00
# Visual Studio Version 17
VisualStudioVersion = 17.0.31903.59
MinimumVisualStudioVersion = 10.0.40219.1
Project("{FAE04EC0-301F-11D3-BF4B-00C04F79EFBC}") = "API", "API\API.csproj", "{84CA7D8A-A996-4402-8F83-A452857E0479}"
EndProject
Project("{FAE04EC0-301F-11D3-BF4B-00C04F79EFBC}") = "Core", "Core\Core.csproj", "{E8417354-2C7A-4689-9770-55D37B3B8880}"
EndProject
Project("{FAE04EC0-301F-11D3-BF4B-00C04F79EFBC}") = "Infrastructure", "Infrastructure\Infrastructure.csproj", "{32FEBF37-DAF6-4C60-A83A-07CF413E1EF1}"
EndProject
Global
	GlobalSection(SolutionConfigurationPlatforms) = preSolution
		Debug|Any CPU = Debug|Any CPU
		Release|Any CPU = Release|Any CPU
	EndGlobalSection
	GlobalSection(SolutionProperties) = preSolution
		HideSolutionNode = FALSE
	EndGlobalSection
	GlobalSection(ProjectConfigurationPlatforms) = postSolution
		{84CA7D8A-A996-4402-8F83-A452857E0479}.Debug|Any CPU.ActiveCfg = Debug|Any CPU
		{84CA7D8A-A996-4402-8F83-A452857E0479}.Debug|Any CPU.Build.0 = Debug|Any CPU
		{84CA7D8A-A996-4402-8F83-A452857E0479}.Release|Any CPU.ActiveCfg = Release|Any CPU
		{84CA7D8A-A996-4402-8F83-A452857E0479}.Release|Any CPU.Build.0 = Release|Any CPU
		{E8417354-2C7A-4689-9770-55D37B3B8880}.Debug|Any CPU.ActiveCfg = Debug|Any CPU
		{E8417354-2C7A-4689-9770-55D37B3B8880}.Debug|Any CPU.Build.0 = Debug|Any CPU
		{E8417354-2C7A-4689-9770-55D37B3B8880}.Release|Any CPU.ActiveCfg = Release|Any CPU
		{E8417354-2C7A-4689-9770-55D37B3B8880}.Release|Any CPU.Build.0 = Release|Any CPU
		{32FEBF37-DAF6-4C60-A83A-07CF413E1EF1}.Debug|Any CPU.ActiveCfg = Debug|Any CPU
		{32FEBF37-DAF6-4C60-A83A-07CF413E1EF1}.Debug|Any CPU.Build.0 = Debug|Any CPU
		{32FEBF37-DAF6-4C60-A83A-07CF413E1EF1}.Release|Any CPU.ActiveCfg = Release|Any CPU
		{32FEBF37-DAF6-4C60-A83A-07CF413E1EF1}.Release|Any CPU.Build.0 = Release|Any CPU
	EndGlobalSection
EndGlobal
